<?xml version="1.0" encoding="utf-8"?>
<Project ToolsVersion="4.0" xmlns="http://schemas.microsoft.com/developer/msbuild/2003">
  <ItemGroup>
    <Filter Include="win32">
      <UniqueIdentifier>{84a8ebd7-7cf0-47f6-b75e-d441df67da40}</UniqueIdentifier>
    </Filter>
    <Filter Include="Classes">
      <UniqueIdentifier>{bb6c862e-70e9-49d9-81b7-3829a6f50471}</UniqueIdentifier>
    </Filter>
    <Filter Include="resource">
      <UniqueIdentifier>{715254bc-d70b-4ec5-bf29-467dd3ace079}</UniqueIdentifier>
    </Filter>
    <Filter Include="Classes\Boxes">
      <UniqueIdentifier>{16ae2d5b-0c81-4481-ba92-c65e188e1611}</UniqueIdentifier>
    </Filter>
    <Filter Include="Classes\Core">
      <UniqueIdentifier>{8bba1e98-2431-400c-8260-4552eabc7c51}</UniqueIdentifier>
    </Filter>
    <Filter Include="Classes\Simfile">
      <UniqueIdentifier>{5ba4f74b-6d57-4b10-ae94-27cc9110d483}</UniqueIdentifier>
    </Filter>
    <Filter Include="Classes\FX">
      <UniqueIdentifier>{caa7b728-1a8e-443f-ad69-4ca80392f67c}</UniqueIdentifier>
    </Filter>
  </ItemGroup>
  <ItemGroup>
    <ClCompile Include="main.cpp">
      <Filter>win32</Filter>
    </ClCompile>
    <ClCompile Include="..\Classes\ABox.cpp">
      <Filter>Classes\Boxes</Filter>
    </ClCompile>
    <ClCompile Include="..\Classes\BoxLayer.cpp">
      <Filter>Classes\Boxes</Filter>
    </ClCompile>
    <ClCompile Include="..\Classes\AppDelegate.cpp">
      <Filter>Classes\Core</Filter>
    </ClCompile>
    <ClCompile Include="..\Classes\GameScene.cpp">
      <Filter>Classes\Core</Filter>
    </ClCompile>
    <ClCompile Include="..\Classes\Simfile.cpp">
      <Filter>Classes\Simfile</Filter>
    </ClCompile>
    <ClCompile Include="..\Classes\FileReader.cpp">
      <Filter>Classes\Simfile</Filter>
    </ClCompile>
    <ClCompile Include="..\Classes\BoxLayer.cpp">
      <Filter>Classes</Filter>
    </ClCompile>
    <ClCompile Include="..\Classes\PulseLayer.cpp">
      <Filter>Classes\FX</Filter>
    </ClCompile>
  </ItemGroup>
  <ItemGroup>
    <ClInclude Include="main.h">
      <Filter>win32</Filter>
    </ClInclude>
    <ClInclude Include="..\Classes\ABox.h">
      <Filter>Classes\Boxes</Filter>
    </ClInclude>
    <ClInclude Include="..\Classes\BoxLayer.h">
      <Filter>Classes\Boxes</Filter>
    </ClInclude>
    <ClInclude Include="..\Classes\AppDelegate.h">
      <Filter>Classes\Core</Filter>
    </ClInclude>
    <ClInclude Include="..\Classes\GameScene.h">
      <Filter>Classes\Core</Filter>
    </ClInclude>
    <ClInclude Include="..\Classes\Simfile.h">
      <Filter>Classes\Simfile</Filter>
    </ClInclude>
    <ClInclude Include="..\Classes\FileReader.h">
      <Filter>Classes\Simfile</Filter>
    </ClInclude>
    <ClInclude Include="..\Classes\PulseLayer.h">
      <Filter>Classes\FX</Filter>
    </ClInclude>
  </ItemGroup>
  <ItemGroup>
    <ResourceCompile Include="game.rc">
      <Filter>resource</Filter>
    </ResourceCompile>
  </ItemGroup>
</Project>